
Microsoft Visual Studio Solution File, Format Version 12.00
# Visual Studio Version 17
VisualStudioVersion = 17.6.33829.357
MinimumVisualStudioVersion = 10.0.40219.1
Project("{FAE04EC0-301F-11D3-BF4B-00C04F79EFBC}") = "Recuperar_contrasena", "Recuperar_contrasena\Recuperar_contrasena.csproj", "{C1F81D1F-D264-4557-806E-77189DBE64F9}"
EndProject
Global
	GlobalSection(SolutionConfigurationPlatforms) = preSolution
		Debug|Any CPU = Debug|Any CPU
		Release|Any CPU = Release|Any CPU
	EndGlobalSection
	GlobalSection(ProjectConfigurationPlatforms) = postSolution
		{C1F81D1F-D264-4557-806E-77189DBE64F9}.Debug|Any CPU.ActiveCfg = Debug|Any CPU
		{C1F81D1F-D264-4557-806E-77189DBE64F9}.Debug|Any CPU.Build.0 = Debug|Any CPU
		{C1F81D1F-D264-4557-806E-77189DBE64F9}.Release|Any CPU.ActiveCfg = Release|Any CPU
		{C1F81D1F-D264-4557-806E-77189DBE64F9}.Release|Any CPU.Build.0 = Release|Any CPU
	EndGlobalSection
	GlobalSection(SolutionProperties) = preSolution
		HideSolutionNode = FALSE
	EndGlobalSection
	GlobalSection(ExtensibilityGlobals) = postSolution
		SolutionGuid = {CA695361-64AF-4441-BE37-B626084BAB16}
	EndGlobalSection
EndGlobal
